<?xml version="1.0" encoding="utf-8"?>
<Project ToolsVersion="4.0" xmlns="http://schemas.microsoft.com/developer/msbuild/2003">
  <ItemGroup>
    <Filter Include="Classes">
      <UniqueIdentifier>{fc5cb953-2953-4968-83b3-39e3ff951754}</UniqueIdentifier>
    </Filter>
    <Filter Include="win32">
      <UniqueIdentifier>{037a9a02-b906-4cc5-ad98-304acd4e25ee}</UniqueIdentifier>
    </Filter>
    <Filter Include="resource">
      <UniqueIdentifier>{2d1d0979-58cd-4ab6-b91c-13650158f1fa}</UniqueIdentifier>
    </Filter>
    <Filter Include="Classes\socket">
      <UniqueIdentifier>{637ee10f-8478-4932-a57b-6fe191119dbd}</UniqueIdentifier>
    </Filter>
    <Filter Include="Classes\hotUpdate">
      <UniqueIdentifier>{2681b203-ec99-4e4d-9c9f-8e64ff1346af}</UniqueIdentifier>
    </Filter>
    <Filter Include="Classes\utils">
      <UniqueIdentifier>{e1d9dacd-99c5-42bb-90e7-7f1e5c2f8765}</UniqueIdentifier>
    </Filter>
    <Filter Include="Classes\utils\cJSON">
      <UniqueIdentifier>{b85b9920-cac1-4a13-a2ae-e69e06e81fcc}</UniqueIdentifier>
    </Filter>
  </ItemGroup>
  <ItemGroup>
    <ClInclude Include="..\Classes\AppDelegate.h">
      <Filter>Classes</Filter>
    </ClInclude>
    <ClInclude Include="main.h">
      <Filter>win32</Filter>
    </ClInclude>
    <ClInclude Include="resource.h" />
    <ClInclude Include="SimulatorWin.h" />
    <ClInclude Include="stdafx.h">
      <Filter>win32</Filter>
    </ClInclude>
    <ClInclude Include="targetver.h">
      <Filter>win32</Filter>
    </ClInclude>
    <ClInclude Include="..\Classes\socket\ODSocket.h">
      <Filter>Classes\socket</Filter>
    </ClInclude>
    <ClInclude Include="..\Classes\socket\SockForLua.h">
      <Filter>Classes\socket</Filter>
    </ClInclude>
    <ClInclude Include="..\Classes\hotUpdate\hotUpdate.h">
      <Filter>Classes\hotUpdate</Filter>
    </ClInclude>
    <ClInclude Include="..\Classes\hotUpdate\lua_hot_update_sdk.h">
      <Filter>Classes\hotUpdate</Filter>
    </ClInclude>
    <ClInclude Include="..\Classes\utils\md5.h">
      <Filter>Classes\utils</Filter>
    </ClInclude>
    <ClInclude Include="..\Classes\utils\UrlCode.h">
      <Filter>Classes\utils</Filter>
    </ClInclude>
    <ClInclude Include="..\Classes\utils\cJSON\cJSON.h">
      <Filter>Classes\utils\cJSON</Filter>
    </ClInclude>
    <ClInclude Include="..\Classes\utils\cforLua.h">
      <Filter>Classes\utils</Filter>
    </ClInclude>
  </ItemGroup>
  <ItemGroup>
    <ClCompile Include="..\Classes\AppDelegate.cpp">
      <Filter>Classes</Filter>
    </ClCompile>
    <ClCompile Include="main.cpp">
      <Filter>win32</Filter>
    </ClCompile>
    <ClCompile Include="SimulatorWin.cpp" />
    <ClCompile Include="stdafx.cpp">
      <Filter>win32</Filter>
    </ClCompile>
    <ClCompile Include="..\Classes\socket\ODSocket.cpp">
      <Filter>Classes\socket</Filter>
    </ClCompile>
    <ClCompile Include="..\Classes\socket\SockForLua.cpp">
      <Filter>Classes\socket</Filter>
    </ClCompile>
    <ClCompile Include="..\Classes\hotUpdate\hotUpdate.cpp">
      <Filter>Classes\hotUpdate</Filter>
    </ClCompile>
    <ClCompile Include="..\Classes\hotUpdate\lua_hot_update_sdk.cpp">
      <Filter>Classes\hotUpdate</Filter>
    </ClCompile>
    <ClCompile Include="..\Classes\pb.c">
      <Filter>Classes</Filter>
    </ClCompile>
    <ClCompile Include="..\Classes\utils\md5.cpp">
      <Filter>Classes\utils</Filter>
    </ClCompile>
    <ClCompile Include="..\Classes\utils\UrlCode.cpp">
      <Filter>Classes\utils</Filter>
    </ClCompile>
    <ClCompile Include="..\Classes\utils\cJSON\cJSON.c">
      <Filter>Classes\utils\cJSON</Filter>
    </ClCompile>
    <ClCompile Include="..\Classes\utils\cforLua.cpp">
      <Filter>Classes\utils</Filter>
    </ClCompile>
  </ItemGroup>
  <ItemGroup>
    <ResourceCompile Include="game.rc">
      <Filter>resource</Filter>
    </ResourceCompile>
  </ItemGroup>
  <ItemGroup>
    <Image Include="res\game.ico" />
  </ItemGroup>
</Project>